
Microsoft Visual Studio Solution File, Format Version 12.00
# Visual Studio 15
VisualStudioVersion = 15.0.28307.271
MinimumVisualStudioVersion = 10.0.40219.1
Project("{8BC9CEB8-8B4A-11D0-8D11-00A0C91BC942}") = "Practica3V2", "Practica3V2.vcxproj", "{2F2FA69E-F735-450B-991C-A90253C096A7}"
EndProject
Global
	GlobalSection(SolutionConfigurationPlatforms) = preSolution
		Debug|x64 = Debug|x64
		Debug|x86 = Debug|x86
		Release|x64 = Release|x64
		Release|x86 = Release|x86
	EndGlobalSection
	GlobalSection(ProjectConfigurationPlatforms) = postSolution
		{2F2FA69E-F735-450B-991C-A90253C096A7}.Debug|x64.ActiveCfg = Debug|x64
		{2F2FA69E-F735-450B-991C-A90253C096A7}.Debug|x64.Build.0 = Debug|x64
		{2F2FA69E-F735-450B-991C-A90253C096A7}.Debug|x86.ActiveCfg = Debug|Win32
		{2F2FA69E-F735-450B-991C-A90253C096A7}.Debug|x86.Build.0 = Debug|Win32
		{2F2FA69E-F735-450B-991C-A90253C096A7}.Release|x64.ActiveCfg = Release|x64
		{2F2FA69E-F735-450B-991C-A90253C096A7}.Release|x64.Build.0 = Release|x64
		{2F2FA69E-F735-450B-991C-A90253C096A7}.Release|x86.ActiveCfg = Release|Win32
		{2F2FA69E-F735-450B-991C-A90253C096A7}.Release|x86.Build.0 = Release|Win32
	EndGlobalSection
	GlobalSection(SolutionProperties) = preSolution
		HideSolutionNode = FALSE
	EndGlobalSection
	GlobalSection(ExtensibilityGlobals) = postSolution
		SolutionGuid = {FC426B04-0B22-4C25-957D-3A391377E42D}
	EndGlobalSection
EndGlobal
